
Microsoft Visual Studio Solution File, Format Version 12.00
# Visual Studio 15
VisualStudioVersion = 15.0.27703.2042
MinimumVisualStudioVersion = 10.0.40219.1
Project("{FAE04EC0-301F-11D3-BF4B-00C04F79EFBC}") = "QuotesApp.Android", "QuotesApp\QuotesApp.Android\QuotesApp.Android.csproj", "{47CC606A-9D14-4FC9-8FD5-275CEFEF7AD7}"
EndProject
Project("{FAE04EC0-301F-11D3-BF4B-00C04F79EFBC}") = "QuotesApp.iOS", "QuotesApp\QuotesApp.iOS\QuotesApp.iOS.csproj", "{EE0464AB-1DD5-45FD-8911-96952E8EEEEF}"
EndProject
Project("{FAE04EC0-301F-11D3-BF4B-00C04F79EFBC}") = "QuotesApp", "QuotesApp\QuotesApp\QuotesApp.csproj", "{3B80E181-AE9F-4FBF-AF46-27FE5E903706}"
EndProject
Global
	GlobalSection(SolutionConfigurationPlatforms) = preSolution
		Ad-Hoc|Any CPU = Ad-Hoc|Any CPU
		Ad-Hoc|iPhone = Ad-Hoc|iPhone
		Ad-Hoc|iPhoneSimulator = Ad-Hoc|iPhoneSimulator
		AppStore|Any CPU = AppStore|Any CPU
		AppStore|iPhone = AppStore|iPhone
		AppStore|iPhoneSimulator = AppStore|iPhoneSimulator
		Debug|Any CPU = Debug|Any CPU
		Debug|iPhone = Debug|iPhone
		Debug|iPhoneSimulator = Debug|iPhoneSimulator
		Release|Any CPU = Release|Any CPU
		Release|iPhone = Release|iPhone
		Release|iPhoneSimulator = Release|iPhoneSimulator
	EndGlobalSection
	GlobalSection(ProjectConfigurationPlatforms) = postSolution
		{47CC606A-9D14-4FC9-8FD5-275CEFEF7AD7}.Ad-Hoc|Any CPU.ActiveCfg = Release|Any CPU
		{47CC606A-9D14-4FC9-8FD5-275CEFEF7AD7}.Ad-Hoc|Any CPU.Build.0 = Release|Any CPU
		{47CC606A-9D14-4FC9-8FD5-275CEFEF7AD7}.Ad-Hoc|Any CPU.Deploy.0 = Release|Any CPU
		{47CC606A-9D14-4FC9-8FD5-275CEFEF7AD7}.Ad-Hoc|iPhone.ActiveCfg = Release|Any CPU
		{47CC606A-9D14-4FC9-8FD5-275CEFEF7AD7}.Ad-Hoc|iPhone.Build.0 = Release|Any CPU
		{47CC606A-9D14-4FC9-8FD5-275CEFEF7AD7}.Ad-Hoc|iPhone.Deploy.0 = Release|Any CPU
		{47CC606A-9D14-4FC9-8FD5-275CEFEF7AD7}.Ad-Hoc|iPhoneSimulator.ActiveCfg = Release|Any CPU
		{47CC606A-9D14-4FC9-8FD5-275CEFEF7AD7}.Ad-Hoc|iPhoneSimulator.Build.0 = Release|Any CPU
		{47CC606A-9D14-4FC9-8FD5-275CEFEF7AD7}.Ad-Hoc|iPhoneSimulator.Deploy.0 = Release|Any CPU
		{47CC606A-9D14-4FC9-8FD5-275CEFEF7AD7}.AppStore|Any CPU.ActiveCfg = Release|Any CPU
		{47CC606A-9D14-4FC9-8FD5-275CEFEF7AD7}.AppStore|Any CPU.Build.0 = Release|Any CPU
		{47CC606A-9D14-4FC9-8FD5-275CEFEF7AD7}.AppStore|Any CPU.Deploy.0 = Release|Any CPU
		{47CC606A-9D14-4FC9-8FD5-275CEFEF7AD7}.AppStore|iPhone.ActiveCfg = Release|Any CPU
		{47CC606A-9D14-4FC9-8FD5-275CEFEF7AD7}.AppStore|iPhone.Build.0 = Release|Any CPU
		{47CC606A-9D14-4FC9-8FD5-275CEFEF7AD7}.AppStore|iPhone.Deploy.0 = Release|Any CPU
		{47CC606A-9D14-4FC9-8FD5-275CEFEF7AD7}.AppStore|iPhoneSimulator.ActiveCfg = Release|Any CPU
		{47CC606A-9D14-4FC9-8FD5-275CEFEF7AD7}.AppStore|iPhoneSimulator.Build.0 = Release|Any CPU
		{47CC606A-9D14-4FC9-8FD5-275CEFEF7AD7}.AppStore|iPhoneSimulator.Deploy.0 = Release|Any CPU
		{47CC606A-9D14-4FC9-8FD5-275CEFEF7AD7}.Debug|Any CPU.ActiveCfg = Debug|Any CPU
		{47CC606A-9D14-4FC9-8FD5-275CEFEF7AD7}.Debug|Any CPU.Build.0 = Debug|Any CPU
		{47CC606A-9D14-4FC9-8FD5-275CEFEF7AD7}.Debug|Any CPU.Deploy.0 = Debug|Any CPU
		{47CC606A-9D14-4FC9-8FD5-275CEFEF7AD7}.Debug|iPhone.ActiveCfg = Debug|Any CPU
		{47CC606A-9D14-4FC9-8FD5-275CEFEF7AD7}.Debug|iPhone.Build.0 = Debug|Any CPU
		{47CC606A-9D14-4FC9-8FD5-275CEFEF7AD7}.Debug|iPhone.Deploy.0 = Debug|Any CPU
		{47CC606A-9D14-4FC9-8FD5-275CEFEF7AD7}.Debug|iPhoneSimulator.ActiveCfg = Debug|Any CPU
		{47CC606A-9D14-4FC9-8FD5-275CEFEF7AD7}.Debug|iPhoneSimulator.Build.0 = Debug|Any CPU
		{47CC606A-9D14-4FC9-8FD5-275CEFEF7AD7}.Debug|iPhoneSimulator.Deploy.0 = Debug|Any CPU
		{47CC606A-9D14-4FC9-8FD5-275CEFEF7AD7}.Release|Any CPU.ActiveCfg = Release|Any CPU
		{47CC606A-9D14-4FC9-8FD5-275CEFEF7AD7}.Release|Any CPU.Build.0 = Release|Any CPU
		{47CC606A-9D14-4FC9-8FD5-275CEFEF7AD7}.Release|Any CPU.Deploy.0 = Release|Any CPU
		{47CC606A-9D14-4FC9-8FD5-275CEFEF7AD7}.Release|iPhone.ActiveCfg = Release|Any CPU
		{47CC606A-9D14-4FC9-8FD5-275CEFEF7AD7}.Release|iPhone.Build.0 = Release|Any CPU
		{47CC606A-9D14-4FC9-8FD5-275CEFEF7AD7}.Release|iPhone.Deploy.0 = Release|Any CPU
		{47CC606A-9D14-4FC9-8FD5-275CEFEF7AD7}.Release|iPhoneSimulator.ActiveCfg = Release|Any CPU
		{47CC606A-9D14-4FC9-8FD5-275CEFEF7AD7}.Release|iPhoneSimulator.Build.0 = Release|Any CPU
		{47CC606A-9D14-4FC9-8FD5-275CEFEF7AD7}.Release|iPhoneSimulator.Deploy.0 = Release|Any CPU
		{EE0464AB-1DD5-45FD-8911-96952E8EEEEF}.Ad-Hoc|Any CPU.ActiveCfg = Ad-Hoc|iPhone
		{EE0464AB-1DD5-45FD-8911-96952E8EEEEF}.Ad-Hoc|Any CPU.Build.0 = Ad-Hoc|iPhone
		{EE0464AB-1DD5-45FD-8911-96952E8EEEEF}.Ad-Hoc|Any CPU.Deploy.0 = Ad-Hoc|iPhone
		{EE0464AB-1DD5-45FD-8911-96952E8EEEEF}.Ad-Hoc|iPhone.ActiveCfg = Ad-Hoc|iPhone
		{EE0464AB-1DD5-45FD-8911-96952E8EEEEF}.Ad-Hoc|iPhone.Build.0 = Ad-Hoc|iPhone
		{EE0464AB-1DD5-45FD-8911-96952E8EEEEF}.Ad-Hoc|iPhone.Deploy.0 = Ad-Hoc|iPhone
		{EE0464AB-1DD5-45FD-8911-96952E8EEEEF}.Ad-Hoc|iPhoneSimulator.ActiveCfg = Ad-Hoc|iPhoneSimulator
		{EE0464AB-1DD5-45FD-8911-96952E8EEEEF}.Ad-Hoc|iPhoneSimulator.Build.0 = Ad-Hoc|iPhoneSimulator
		{EE0464AB-1DD5-45FD-8911-96952E8EEEEF}.Ad-Hoc|iPhoneSimulator.Deploy.0 = Ad-Hoc|iPhoneSimulator
		{EE0464AB-1DD5-45FD-8911-96952E8EEEEF}.AppStore|Any CPU.ActiveCfg = AppStore|iPhone
		{EE0464AB-1DD5-45FD-8911-96952E8EEEEF}.AppStore|Any CPU.Build.0 = AppStore|iPhone
		{EE0464AB-1DD5-45FD-8911-96952E8EEEEF}.AppStore|Any CPU.Deploy.0 = AppStore|iPhone
		{EE0464AB-1DD5-45FD-8911-96952E8EEEEF}.AppStore|iPhone.ActiveCfg = AppStore|iPhone
		{EE0464AB-1DD5-45FD-8911-96952E8EEEEF}.AppStore|iPhone.Build.0 = AppStore|iPhone
		{EE0464AB-1DD5-45FD-8911-96952E8EEEEF}.AppStore|iPhone.Deploy.0 = AppStore|iPhone
		{EE0464AB-1DD5-45FD-8911-96952E8EEEEF}.AppStore|iPhoneSimulator.ActiveCfg = AppStore|iPhoneSimulator
		{EE0464AB-1DD5-45FD-8911-96952E8EEEEF}.AppStore|iPhoneSimulator.Build.0 = AppStore|iPhoneSimulator
		{EE0464AB-1DD5-45FD-8911-96952E8EEEEF}.AppStore|iPhoneSimulator.Deploy.0 = AppStore|iPhoneSimulator
		{EE0464AB-1DD5-45FD-8911-96952E8EEEEF}.Debug|Any CPU.ActiveCfg = Debug|iPhoneSimulator
		{EE0464AB-1DD5-45FD-8911-96952E8EEEEF}.Debug|Any CPU.Build.0 = Debug|iPhoneSimulator
		{EE0464AB-1DD5-45FD-8911-96952E8EEEEF}.Debug|Any CPU.Deploy.0 = Debug|iPhoneSimulator
		{EE0464AB-1DD5-45FD-8911-96952E8EEEEF}.Debug|iPhone.ActiveCfg = Debug|iPhone
		{EE0464AB-1DD5-45FD-8911-96952E8EEEEF}.Debug|iPhone.Build.0 = Debug|iPhone
		{EE0464AB-1DD5-45FD-8911-96952E8EEEEF}.Debug|iPhone.Deploy.0 = Debug|iPhone
		{EE0464AB-1DD5-45FD-8911-96952E8EEEEF}.Debug|iPhoneSimulator.ActiveCfg = Debug|iPhoneSimulator
		{EE0464AB-1DD5-45FD-8911-96952E8EEEEF}.Debug|iPhoneSimulator.Build.0 = Debug|iPhoneSimulator
		{EE0464AB-1DD5-45FD-8911-96952E8EEEEF}.Debug|iPhoneSimulator.Deploy.0 = Debug|iPhoneSimulator
		{EE0464AB-1DD5-45FD-8911-96952E8EEEEF}.Release|Any CPU.ActiveCfg = Release|iPhone
		{EE0464AB-1DD5-45FD-8911-96952E8EEEEF}.Release|Any CPU.Build.0 = Release|iPhone
		{EE0464AB-1DD5-45FD-8911-96952E8EEEEF}.Release|Any CPU.Deploy.0 = Release|iPhone
		{EE0464AB-1DD5-45FD-8911-96952E8EEEEF}.Release|iPhone.ActiveCfg = Release|iPhone
		{EE0464AB-1DD5-45FD-8911-96952E8EEEEF}.Release|iPhone.Build.0 = Release|iPhone
		{EE0464AB-1DD5-45FD-8911-96952E8EEEEF}.Release|iPhone.Deploy.0 = Release|iPhone
		{EE0464AB-1DD5-45FD-8911-96952E8EEEEF}.Release|iPhoneSimulator.ActiveCfg = Release|iPhoneSimulator
		{EE0464AB-1DD5-45FD-8911-96952E8EEEEF}.Release|iPhoneSimulator.Build.0 = Release|iPhoneSimulator
		{EE0464AB-1DD5-45FD-8911-96952E8EEEEF}.Release|iPhoneSimulator.Deploy.0 = Release|iPhoneSimulator
		{3B80E181-AE9F-4FBF-AF46-27FE5E903706}.Ad-Hoc|Any CPU.ActiveCfg = Debug|Any CPU
		{3B80E181-AE9F-4FBF-AF46-27FE5E903706}.Ad-Hoc|Any CPU.Build.0 = Debug|Any CPU
		{3B80E181-AE9F-4FBF-AF46-27FE5E903706}.Ad-Hoc|Any CPU.Deploy.0 = Debug|Any CPU
		{3B80E181-AE9F-4FBF-AF46-27FE5E903706}.Ad-Hoc|iPhone.ActiveCfg = Debug|Any CPU
		{3B80E181-AE9F-4FBF-AF46-27FE5E903706}.Ad-Hoc|iPhone.Build.0 = Debug|Any CPU
		{3B80E181-AE9F-4FBF-AF46-27FE5E903706}.Ad-Hoc|iPhone.Deploy.0 = Debug|Any CPU
		{3B80E181-AE9F-4FBF-AF46-27FE5E903706}.Ad-Hoc|iPhoneSimulator.ActiveCfg = Debug|Any CPU
		{3B80E181-AE9F-4FBF-AF46-27FE5E903706}.Ad-Hoc|iPhoneSimulator.Build.0 = Debug|Any CPU
		{3B80E181-AE9F-4FBF-AF46-27FE5E903706}.Ad-Hoc|iPhoneSimulator.Deploy.0 = Debug|Any CPU
		{3B80E181-AE9F-4FBF-AF46-27FE5E903706}.AppStore|Any CPU.ActiveCfg = Debug|Any CPU
		{3B80E181-AE9F-4FBF-AF46-27FE5E903706}.AppStore|Any CPU.Build.0 = Debug|Any CPU
		{3B80E181-AE9F-4FBF-AF46-27FE5E903706}.AppStore|Any CPU.Deploy.0 = Debug|Any CPU
		{3B80E181-AE9F-4FBF-AF46-27FE5E903706}.AppStore|iPhone.ActiveCfg = Debug|Any CPU
		{3B80E181-AE9F-4FBF-AF46-27FE5E903706}.AppStore|iPhone.Build.0 = Debug|Any CPU
		{3B80E181-AE9F-4FBF-AF46-27FE5E903706}.AppStore|iPhone.Deploy.0 = Debug|Any CPU
		{3B80E181-AE9F-4FBF-AF46-27FE5E903706}.AppStore|iPhoneSimulator.ActiveCfg = Debug|Any CPU
		{3B80E181-AE9F-4FBF-AF46-27FE5E903706}.AppStore|iPhoneSimulator.Build.0 = Debug|Any CPU
		{3B80E181-AE9F-4FBF-AF46-27FE5E903706}.AppStore|iPhoneSimulator.Deploy.0 = Debug|Any CPU
		{3B80E181-AE9F-4FBF-AF46-27FE5E903706}.Debug|Any CPU.ActiveCfg = Debug|Any CPU
		{3B80E181-AE9F-4FBF-AF46-27FE5E903706}.Debug|Any CPU.Build.0 = Debug|Any CPU
		{3B80E181-AE9F-4FBF-AF46-27FE5E903706}.Debug|Any CPU.Deploy.0 = Debug|Any CPU
		{3B80E181-AE9F-4FBF-AF46-27FE5E903706}.Debug|iPhone.ActiveCfg = Debug|Any CPU
		{3B80E181-AE9F-4FBF-AF46-27FE5E903706}.Debug|iPhone.Build.0 = Debug|Any CPU
		{3B80E181-AE9F-4FBF-AF46-27FE5E903706}.Debug|iPhone.Deploy.0 = Debug|Any CPU
		{3B80E181-AE9F-4FBF-AF46-27FE5E903706}.Debug|iPhoneSimulator.ActiveCfg = Debug|Any CPU
		{3B80E181-AE9F-4FBF-AF46-27FE5E903706}.Debug|iPhoneSimulator.Build.0 = Debug|Any CPU
		{3B80E181-AE9F-4FBF-AF46-27FE5E903706}.Debug|iPhoneSimulator.Deploy.0 = Debug|Any CPU
		{3B80E181-AE9F-4FBF-AF46-27FE5E903706}.Release|Any CPU.ActiveCfg = Release|Any CPU
		{3B80E181-AE9F-4FBF-AF46-27FE5E903706}.Release|Any CPU.Build.0 = Release|Any CPU
		{3B80E181-AE9F-4FBF-AF46-27FE5E903706}.Release|Any CPU.Deploy.0 = Release|Any CPU
		{3B80E181-AE9F-4FBF-AF46-27FE5E903706}.Release|iPhone.ActiveCfg = Release|Any CPU
		{3B80E181-AE9F-4FBF-AF46-27FE5E903706}.Release|iPhone.Build.0 = Release|Any CPU
		{3B80E181-AE9F-4FBF-AF46-27FE5E903706}.Release|iPhone.Deploy.0 = Release|Any CPU
		{3B80E181-AE9F-4FBF-AF46-27FE5E903706}.Release|iPhoneSimulator.ActiveCfg = Release|Any CPU
		{3B80E181-AE9F-4FBF-AF46-27FE5E903706}.Release|iPhoneSimulator.Build.0 = Release|Any CPU
		{3B80E181-AE9F-4FBF-AF46-27FE5E903706}.Release|iPhoneSimulator.Deploy.0 = Release|Any CPU
	EndGlobalSection
	GlobalSection(SolutionProperties) = preSolution
		HideSolutionNode = FALSE
	EndGlobalSection
	GlobalSection(ExtensibilityGlobals) = postSolution
		SolutionGuid = {5AEC1196-FCF7-48E3-A637-1927EEED329C}
	EndGlobalSection
EndGlobal
